// !$*UTF8*$!
{
	archiveVersion = 1;
	classes = {
	};
	objectVersion = 56;
	objects = {

/* Begin PBXBuildFile section */
		3A0713A42B938AD4005D6535 /* HelpAdjustBodyLandmark.swift in Sources */ = {isa = PBXBuildFile; fileRef = 3A0713A32B938AD4005D6535 /* HelpAdjustBodyLandmark.swift */; };
		3A0713A82B938BB2005D6535 /* AdjustBodyLandmarkView.swift in Sources */ = {isa = PBXBuildFile; fileRef = 3A0713A72B938BB2005D6535 /* AdjustBodyLandmarkView.swift */; };
		3A0713AA2B938C16005D6535 /* AdjustBodyLandmarkViewModel.swift in Sources */ = {isa = PBXBuildFile; fileRef = 3A0713A92B938C16005D6535 /* AdjustBodyLandmarkViewModel.swift */; };
		3A0713AC2B938D1C005D6535 /* View+Ext.swift in Sources */ = {isa = PBXBuildFile; fileRef = 3A0713AB2B938D1C005D6535 /* View+Ext.swift */; };
		3A0713AF2B9399C6005D6535 /* Extensions.swift in Sources */ = {isa = PBXBuildFile; fileRef = 3A0713AE2B9399C6005D6535 /* Extensions.swift */; };
		3A0713B42B939B73005D6535 /* DummyBodyLandmarkResponse.json in Resources */ = {isa = PBXBuildFile; fileRef = 3A0713B32B939B73005D6535 /* DummyBodyLandmarkResponse.json */; };
		3A54D9022B935DC800B22696 /* MeasureMeApp.swift in Sources */ = {isa = PBXBuildFile; fileRef = 3A54D9012B935DC800B22696 /* MeasureMeApp.swift */; };
		3A54D9062B935DCA00B22696 /* Assets.xcassets in Resources */ = {isa = PBXBuildFile; fileRef = 3A54D9052B935DCA00B22696 /* Assets.xcassets */; };
		3A54D9092B935DCA00B22696 /* Preview Assets.xcassets in Resources */ = {isa = PBXBuildFile; fileRef = 3A54D9082B935DCA00B22696 /* Preview Assets.xcassets */; };
		3A54D9142B935E1400B22696 /* OnBoarding.swift in Sources */ = {isa = PBXBuildFile; fileRef = 3A54D9112B935E1400B22696 /* OnBoarding.swift */; };
		3A54D91B2B935F0200B22696 /* OnBoardingView.swift in Sources */ = {isa = PBXBuildFile; fileRef = 3A54D9192B935F0200B22696 /* OnBoardingView.swift */; };
		3A54D91C2B935F0200B22696 /* OnBoardingViewModel.swift in Sources */ = {isa = PBXBuildFile; fileRef = 3A54D91A2B935F0200B22696 /* OnBoardingViewModel.swift */; };
		3A54D91E2B93606D00B22696 /* MainView.swift in Sources */ = {isa = PBXBuildFile; fileRef = 3A54D91D2B93606D00B22696 /* MainView.swift */; };
		3A54D9212B9360AA00B22696 /* HomeView.swift in Sources */ = {isa = PBXBuildFile; fileRef = 3A54D9202B9360AA00B22696 /* HomeView.swift */; };
		3A54D9232B9360B000B22696 /* HomeViewModel.swift in Sources */ = {isa = PBXBuildFile; fileRef = 3A54D9222B9360B000B22696 /* HomeViewModel.swift */; };
		3A54D9272B9360F400B22696 /* HistoryView.swift in Sources */ = {isa = PBXBuildFile; fileRef = 3A54D9262B9360F400B22696 /* HistoryView.swift */; };
		3A54D9292B9360FA00B22696 /* ProfileView.swift in Sources */ = {isa = PBXBuildFile; fileRef = 3A54D9282B9360FA00B22696 /* ProfileView.swift */; };
		3A54D92B2B93611C00B22696 /* Result.swift in Sources */ = {isa = PBXBuildFile; fileRef = 3A54D92A2B93611C00B22696 /* Result.swift */; };
		3A6BD2F72B9D611400400BA4 /* User.swift in Sources */ = {isa = PBXBuildFile; fileRef = 3A6BD2F62B9D611400400BA4 /* User.swift */; };
		3A6BD2F92B9D612400400BA4 /* Register.swift in Sources */ = {isa = PBXBuildFile; fileRef = 3A6BD2F82B9D612400400BA4 /* Register.swift */; };
		3A6BD2FB2B9DDB1300400BA4 /* Alert.swift in Sources */ = {isa = PBXBuildFile; fileRef = 3A6BD2FA2B9DDB1300400BA4 /* Alert.swift */; };
		3A6BD2FD2B9DF16000400BA4 /* String+Ext.swift in Sources */ = {isa = PBXBuildFile; fileRef = 3A6BD2FC2B9DF16000400BA4 /* String+Ext.swift */; };
		3A827CBD2B9AF5AC0090836D /* LoginView.swift in Sources */ = {isa = PBXBuildFile; fileRef = 3A827CBC2B9AF5AC0090836D /* LoginView.swift */; };
		3A827CC02B9B06140090836D /* RegisterView.swift in Sources */ = {isa = PBXBuildFile; fileRef = 3A827CBF2B9B06140090836D /* RegisterView.swift */; };
		3A827CC32B9B0AFE0090836D /* LoginViewModel.swift in Sources */ = {isa = PBXBuildFile; fileRef = 3A827CC22B9B0AFE0090836D /* LoginViewModel.swift */; };
		3A827CC62B9B0D4C0090836D /* RegisterViewModel.swift in Sources */ = {isa = PBXBuildFile; fileRef = 3A827CC52B9B0D4C0090836D /* RegisterViewModel.swift */; };
		3A85432A2B9F20BA007D6449 /* HistoryViewModel.swift in Sources */ = {isa = PBXBuildFile; fileRef = 3A8543292B9F20BA007D6449 /* HistoryViewModel.swift */; };
		3A85432C2BA02F7B007D6449 /* Sequence+Ext.swift in Sources */ = {isa = PBXBuildFile; fileRef = 3A85432B2BA02F7B007D6449 /* Sequence+Ext.swift */; };
		3AC21F8C2B93660E008E87FF /* NewMeasurementView.swift in Sources */ = {isa = PBXBuildFile; fileRef = 3AC21F8B2B93660E008E87FF /* NewMeasurementView.swift */; };
		3AC21F8E2B936617008E87FF /* NewMeasurementViewModel.swift in Sources */ = {isa = PBXBuildFile; fileRef = 3AC21F8D2B936617008E87FF /* NewMeasurementViewModel.swift */; };
		3AC21F912B936870008E87FF /* PhotoCaptureView.swift in Sources */ = {isa = PBXBuildFile; fileRef = 3AC21F902B936870008E87FF /* PhotoCaptureView.swift */; };
		3AC21F932B936875008E87FF /* PhotoCaptureViewModel.swift in Sources */ = {isa = PBXBuildFile; fileRef = 3AC21F922B936875008E87FF /* PhotoCaptureViewModel.swift */; };
		3AC21F9A2B9368A7008E87FF /* CameraView.swift in Sources */ = {isa = PBXBuildFile; fileRef = 3AC21F972B9368A6008E87FF /* CameraView.swift */; };
		3AC21F9B2B9368A7008E87FF /* Camera.swift in Sources */ = {isa = PBXBuildFile; fileRef = 3AC21F982B9368A6008E87FF /* Camera.swift */; };
		3AC21F9C2B9368A7008E87FF /* CameraViewController.swift in Sources */ = {isa = PBXBuildFile; fileRef = 3AC21F992B9368A7008E87FF /* CameraViewController.swift */; };
		3AC21FA02B937BD6008E87FF /* PhotoProcessView.swift in Sources */ = {isa = PBXBuildFile; fileRef = 3AC21F9F2B937BD6008E87FF /* PhotoProcessView.swift */; };
		3AC21FA22B937BE3008E87FF /* PhotoProcessViewModel.swift in Sources */ = {isa = PBXBuildFile; fileRef = 3AC21FA12B937BE2008E87FF /* PhotoProcessViewModel.swift */; };
		3AC21FA62B937C35008E87FF /* NetworkManager.swift in Sources */ = {isa = PBXBuildFile; fileRef = 3AC21FA42B937C35008E87FF /* NetworkManager.swift */; };
		3AC21FA72B937C35008E87FF /* MultipartRequest.swift in Sources */ = {isa = PBXBuildFile; fileRef = 3AC21FA52B937C35008E87FF /* MultipartRequest.swift */; };
		3AC21FAA2B937C73008E87FF /* Data+Ext.swift in Sources */ = {isa = PBXBuildFile; fileRef = 3AC21FA92B937C73008E87FF /* Data+Ext.swift */; };
		3AC21FAC2B937C8B008E87FF /* BodyLandmark.swift in Sources */ = {isa = PBXBuildFile; fileRef = 3AC21FAB2B937C8B008E87FF /* BodyLandmark.swift */; };
		3AC21FB22B9381BB008E87FF /* UndetectedBodyView.swift in Sources */ = {isa = PBXBuildFile; fileRef = 3AC21FB12B9381BB008E87FF /* UndetectedBodyView.swift */; };
/* End PBXBuildFile section */

/* Begin PBXFileReference section */
		3A0713A32B938AD4005D6535 /* HelpAdjustBodyLandmark.swift */ = {isa = PBXFileReference; lastKnownFileType = sourcecode.swift; path = HelpAdjustBodyLandmark.swift; sourceTree = "<group>"; };
		3A0713A72B938BB2005D6535 /* AdjustBodyLandmarkView.swift */ = {isa = PBXFileReference; lastKnownFileType = sourcecode.swift; path = AdjustBodyLandmarkView.swift; sourceTree = "<group>"; };
		3A0713A92B938C16005D6535 /* AdjustBodyLandmarkViewModel.swift */ = {isa = PBXFileReference; lastKnownFileType = sourcecode.swift; path = AdjustBodyLandmarkViewModel.swift; sourceTree = "<group>"; };
		3A0713AB2B938D1C005D6535 /* View+Ext.swift */ = {isa = PBXFileReference; lastKnownFileType = sourcecode.swift; path = "View+Ext.swift"; sourceTree = "<group>"; };
		3A0713AE2B9399C6005D6535 /* Extensions.swift */ = {isa = PBXFileReference; lastKnownFileType = sourcecode.swift; path = Extensions.swift; sourceTree = "<group>"; };
		3A0713B32B939B73005D6535 /* DummyBodyLandmarkResponse.json */ = {isa = PBXFileReference; fileEncoding = 4; lastKnownFileType = text.json; path = DummyBodyLandmarkResponse.json; sourceTree = "<group>"; };
		3A0EFE582B94137A009DC4BB /* Info.plist */ = {isa = PBXFileReference; lastKnownFileType = text.plist; path = Info.plist; sourceTree = "<group>"; };
		3A54D8FE2B935DC800B22696 /* MeasureMe.app */ = {isa = PBXFileReference; explicitFileType = wrapper.application; includeInIndex = 0; path = MeasureMe.app; sourceTree = BUILT_PRODUCTS_DIR; };
		3A54D9012B935DC800B22696 /* MeasureMeApp.swift */ = {isa = PBXFileReference; lastKnownFileType = sourcecode.swift; path = MeasureMeApp.swift; sourceTree = "<group>"; };
		3A54D9052B935DCA00B22696 /* Assets.xcassets */ = {isa = PBXFileReference; lastKnownFileType = folder.assetcatalog; path = Assets.xcassets; sourceTree = "<group>"; };
		3A54D9082B935DCA00B22696 /* Preview Assets.xcassets */ = {isa = PBXFileReference; lastKnownFileType = folder.assetcatalog; path = "Preview Assets.xcassets"; sourceTree = "<group>"; };
		3A54D9112B935E1400B22696 /* OnBoarding.swift */ = {isa = PBXFileReference; fileEncoding = 4; lastKnownFileType = sourcecode.swift; path = OnBoarding.swift; sourceTree = "<group>"; };
		3A54D9192B935F0200B22696 /* OnBoardingView.swift */ = {isa = PBXFileReference; fileEncoding = 4; lastKnownFileType = sourcecode.swift; path = OnBoardingView.swift; sourceTree = "<group>"; };
		3A54D91A2B935F0200B22696 /* OnBoardingViewModel.swift */ = {isa = PBXFileReference; fileEncoding = 4; lastKnownFileType = sourcecode.swift; path = OnBoardingViewModel.swift; sourceTree = "<group>"; };
		3A54D91D2B93606D00B22696 /* MainView.swift */ = {isa = PBXFileReference; fileEncoding = 4; lastKnownFileType = sourcecode.swift; path = MainView.swift; sourceTree = "<group>"; };
		3A54D9202B9360AA00B22696 /* HomeView.swift */ = {isa = PBXFileReference; fileEncoding = 4; lastKnownFileType = sourcecode.swift; path = HomeView.swift; sourceTree = "<group>"; };
		3A54D9222B9360B000B22696 /* HomeViewModel.swift */ = {isa = PBXFileReference; fileEncoding = 4; lastKnownFileType = sourcecode.swift; path = HomeViewModel.swift; sourceTree = "<group>"; };
		3A54D9262B9360F400B22696 /* HistoryView.swift */ = {isa = PBXFileReference; fileEncoding = 4; lastKnownFileType = sourcecode.swift; path = HistoryView.swift; sourceTree = "<group>"; };
		3A54D9282B9360FA00B22696 /* ProfileView.swift */ = {isa = PBXFileReference; fileEncoding = 4; lastKnownFileType = sourcecode.swift; path = ProfileView.swift; sourceTree = "<group>"; };
		3A54D92A2B93611C00B22696 /* Result.swift */ = {isa = PBXFileReference; fileEncoding = 4; lastKnownFileType = sourcecode.swift; path = Result.swift; sourceTree = "<group>"; };
		3A6BD2F62B9D611400400BA4 /* User.swift */ = {isa = PBXFileReference; lastKnownFileType = sourcecode.swift; path = User.swift; sourceTree = "<group>"; };
		3A6BD2F82B9D612400400BA4 /* Register.swift */ = {isa = PBXFileReference; lastKnownFileType = sourcecode.swift; path = Register.swift; sourceTree = "<group>"; };
		3A6BD2FA2B9DDB1300400BA4 /* Alert.swift */ = {isa = PBXFileReference; lastKnownFileType = sourcecode.swift; path = Alert.swift; sourceTree = "<group>"; };
		3A6BD2FC2B9DF16000400BA4 /* String+Ext.swift */ = {isa = PBXFileReference; lastKnownFileType = sourcecode.swift; path = "String+Ext.swift"; sourceTree = "<group>"; };
		3A827CBC2B9AF5AC0090836D /* LoginView.swift */ = {isa = PBXFileReference; lastKnownFileType = sourcecode.swift; path = LoginView.swift; sourceTree = "<group>"; };
		3A827CBF2B9B06140090836D /* RegisterView.swift */ = {isa = PBXFileReference; lastKnownFileType = sourcecode.swift; path = RegisterView.swift; sourceTree = "<group>"; };
		3A827CC22B9B0AFE0090836D /* LoginViewModel.swift */ = {isa = PBXFileReference; lastKnownFileType = sourcecode.swift; path = LoginViewModel.swift; sourceTree = "<group>"; };
		3A827CC52B9B0D4C0090836D /* RegisterViewModel.swift */ = {isa = PBXFileReference; lastKnownFileType = sourcecode.swift; path = RegisterViewModel.swift; sourceTree = "<group>"; };
		3A8543292B9F20BA007D6449 /* HistoryViewModel.swift */ = {isa = PBXFileReference; lastKnownFileType = sourcecode.swift; path = HistoryViewModel.swift; sourceTree = "<group>"; };
		3A85432B2BA02F7B007D6449 /* Sequence+Ext.swift */ = {isa = PBXFileReference; lastKnownFileType = sourcecode.swift; path = "Sequence+Ext.swift"; sourceTree = "<group>"; };
		3AC21F8B2B93660E008E87FF /* NewMeasurementView.swift */ = {isa = PBXFileReference; fileEncoding = 4; lastKnownFileType = sourcecode.swift; path = NewMeasurementView.swift; sourceTree = "<group>"; };
		3AC21F8D2B936617008E87FF /* NewMeasurementViewModel.swift */ = {isa = PBXFileReference; fileEncoding = 4; lastKnownFileType = sourcecode.swift; path = NewMeasurementViewModel.swift; sourceTree = "<group>"; };
		3AC21F902B936870008E87FF /* PhotoCaptureView.swift */ = {isa = PBXFileReference; fileEncoding = 4; lastKnownFileType = sourcecode.swift; path = PhotoCaptureView.swift; sourceTree = "<group>"; };
		3AC21F922B936875008E87FF /* PhotoCaptureViewModel.swift */ = {isa = PBXFileReference; fileEncoding = 4; lastKnownFileType = sourcecode.swift; path = PhotoCaptureViewModel.swift; sourceTree = "<group>"; };
		3AC21F972B9368A6008E87FF /* CameraView.swift */ = {isa = PBXFileReference; fileEncoding = 4; lastKnownFileType = sourcecode.swift; path = CameraView.swift; sourceTree = "<group>"; };
		3AC21F982B9368A6008E87FF /* Camera.swift */ = {isa = PBXFileReference; fileEncoding = 4; lastKnownFileType = sourcecode.swift; path = Camera.swift; sourceTree = "<group>"; };
		3AC21F992B9368A7008E87FF /* CameraViewController.swift */ = {isa = PBXFileReference; fileEncoding = 4; lastKnownFileType = sourcecode.swift; path = CameraViewController.swift; sourceTree = "<group>"; };
		3AC21F9F2B937BD6008E87FF /* PhotoProcessView.swift */ = {isa = PBXFileReference; fileEncoding = 4; lastKnownFileType = sourcecode.swift; path = PhotoProcessView.swift; sourceTree = "<group>"; };
		3AC21FA12B937BE2008E87FF /* PhotoProcessViewModel.swift */ = {isa = PBXFileReference; fileEncoding = 4; lastKnownFileType = sourcecode.swift; path = PhotoProcessViewModel.swift; sourceTree = "<group>"; };
		3AC21FA42B937C35008E87FF /* NetworkManager.swift */ = {isa = PBXFileReference; fileEncoding = 4; lastKnownFileType = sourcecode.swift; path = NetworkManager.swift; sourceTree = "<group>"; };
		3AC21FA52B937C35008E87FF /* MultipartRequest.swift */ = {isa = PBXFileReference; fileEncoding = 4; lastKnownFileType = sourcecode.swift; path = MultipartRequest.swift; sourceTree = "<group>"; };
		3AC21FA92B937C73008E87FF /* Data+Ext.swift */ = {isa = PBXFileReference; fileEncoding = 4; lastKnownFileType = sourcecode.swift; path = "Data+Ext.swift"; sourceTree = "<group>"; };
		3AC21FAB2B937C8B008E87FF /* BodyLandmark.swift */ = {isa = PBXFileReference; fileEncoding = 4; lastKnownFileType = sourcecode.swift; path = BodyLandmark.swift; sourceTree = "<group>"; };
		3AC21FB12B9381BB008E87FF /* UndetectedBodyView.swift */ = {isa = PBXFileReference; lastKnownFileType = sourcecode.swift; path = UndetectedBodyView.swift; sourceTree = "<group>"; };
/* End PBXFileReference section */

/* Begin PBXFrameworksBuildPhase section */
		3A54D8FB2B935DC800B22696 /* Frameworks */ = {
			isa = PBXFrameworksBuildPhase;
			buildActionMask = 2147483647;
			files = (
			);
			runOnlyForDeploymentPostprocessing = 0;
		};
/* End PBXFrameworksBuildPhase section */

/* Begin PBXGroup section */
		3A07139E2B938A11005D6535 /* Adjust Body Landmark */ = {
			isa = PBXGroup;
			children = (
				3A0713A92B938C16005D6535 /* AdjustBodyLandmarkViewModel.swift */,
				3A0713A72B938BB2005D6535 /* AdjustBodyLandmarkView.swift */,
			);
			path = "Adjust Body Landmark";
			sourceTree = "<group>";
		};
		3A0713AD2B9399B3005D6535 /* Adjust Body Landmark */ = {
			isa = PBXGroup;
			children = (
				3A0713AE2B9399C6005D6535 /* Extensions.swift */,
				3A0713B32B939B73005D6535 /* DummyBodyLandmarkResponse.json */,
			);
			path = "Adjust Body Landmark";
			sourceTree = "<group>";
		};
		3A54D8F52B935DC800B22696 = {
			isa = PBXGroup;
			children = (
				3A54D9002B935DC800B22696 /* MeasureMe */,
				3A54D8FF2B935DC800B22696 /* Products */,
			);
			sourceTree = "<group>";
		};
		3A54D8FF2B935DC800B22696 /* Products */ = {
			isa = PBXGroup;
			children = (
				3A54D8FE2B935DC800B22696 /* MeasureMe.app */,
			);
			name = Products;
			sourceTree = "<group>";
		};
		3A54D9002B935DC800B22696 /* MeasureMe */ = {
			isa = PBXGroup;
			children = (
				3A0EFE582B94137A009DC4BB /* Info.plist */,
				3A54D9012B935DC800B22696 /* MeasureMeApp.swift */,
				3AC21F942B936885008E87FF /* Helper */,
				3A54D9182B935EF500B22696 /* Model */,
				3A54D9162B935EE200B22696 /* Screen */,
				3A54D9252B9360DD00B22696 /* Profile */,
				3A54D9052B935DCA00B22696 /* Assets.xcassets */,
				3A54D9072B935DCA00B22696 /* Preview Content */,
			);
			path = MeasureMe;
			sourceTree = "<group>";
		};
		3A54D9072B935DCA00B22696 /* Preview Content */ = {
			isa = PBXGroup;
			children = (
				3A0713AD2B9399B3005D6535 /* Adjust Body Landmark */,
				3A54D9082B935DCA00B22696 /* Preview Assets.xcassets */,
			);
			path = "Preview Content";
			sourceTree = "<group>";
		};
		3A54D9162B935EE200B22696 /* Screen */ = {
			isa = PBXGroup;
			children = (
				3A54D91D2B93606D00B22696 /* MainView.swift */,
				3A54D9172B935EE900B22696 /* OnBoarding */,
				3A827CC42B9B0D330090836D /* Register */,
				3A827CBE2B9AF5BC0090836D /* Login */,
				3A54D91F2B93608B00B22696 /* Home */,
				3AC21F8A2B9365D3008E87FF /* New Measurement */,
				3AC21F8F2B93684A008E87FF /* Photo Capture */,
				3AC21F9E2B937BC1008E87FF /* Photo Process */,
				3AC21FAE2B93817E008E87FF /* Undetected Body */,
				3A07139E2B938A11005D6535 /* Adjust Body Landmark */,
				3A54D9242B9360D600B22696 /* History */,
			);
			path = Screen;
			sourceTree = "<group>";
		};
		3A54D9172B935EE900B22696 /* OnBoarding */ = {
			isa = PBXGroup;
			children = (
				3A54D91A2B935F0200B22696 /* OnBoardingViewModel.swift */,
				3A54D9192B935F0200B22696 /* OnBoardingView.swift */,
			);
			path = OnBoarding;
			sourceTree = "<group>";
		};
		3A54D9182B935EF500B22696 /* Model */ = {
			isa = PBXGroup;
			children = (
				3A54D92A2B93611C00B22696 /* Result.swift */,
				3A54D9112B935E1400B22696 /* OnBoarding.swift */,
				3AC21FAB2B937C8B008E87FF /* BodyLandmark.swift */,
				3A0713A32B938AD4005D6535 /* HelpAdjustBodyLandmark.swift */,
				3A6BD2F62B9D611400400BA4 /* User.swift */,
				3A6BD2F82B9D612400400BA4 /* Register.swift */,
				3A6BD2FA2B9DDB1300400BA4 /* Alert.swift */,
			);
			path = Model;
			sourceTree = "<group>";
		};
		3A54D91F2B93608B00B22696 /* Home */ = {
			isa = PBXGroup;
			children = (
				3A54D9222B9360B000B22696 /* HomeViewModel.swift */,
				3A54D9202B9360AA00B22696 /* HomeView.swift */,
			);
			path = Home;
			sourceTree = "<group>";
		};
		3A54D9242B9360D600B22696 /* History */ = {
			isa = PBXGroup;
			children = (
				3A54D9262B9360F400B22696 /* HistoryView.swift */,
				3A8543292B9F20BA007D6449 /* HistoryViewModel.swift */,
			);
			path = History;
			sourceTree = "<group>";
		};
		3A54D9252B9360DD00B22696 /* Profile */ = {
			isa = PBXGroup;
			children = (
				3A54D9282B9360FA00B22696 /* ProfileView.swift */,
			);
			path = Profile;
			sourceTree = "<group>";
		};
		3A6BD3002B9E9F6600400BA4 /* Alert */ = {
			isa = PBXGroup;
			children = (
			);
			path = Alert;
			sourceTree = "<group>";
		};
		3A827CBE2B9AF5BC0090836D /* Login */ = {
			isa = PBXGroup;
			children = (
				3A827CC22B9B0AFE0090836D /* LoginViewModel.swift */,
				3A827CBC2B9AF5AC0090836D /* LoginView.swift */,
			);
			path = Login;
			sourceTree = "<group>";
		};
		3A827CC42B9B0D330090836D /* Register */ = {
			isa = PBXGroup;
			children = (
				3A827CC52B9B0D4C0090836D /* RegisterViewModel.swift */,
				3A827CBF2B9B06140090836D /* RegisterView.swift */,
			);
			path = Register;
			sourceTree = "<group>";
		};
		3AC21F8A2B9365D3008E87FF /* New Measurement */ = {
			isa = PBXGroup;
			children = (
				3AC21F8D2B936617008E87FF /* NewMeasurementViewModel.swift */,
				3AC21F8B2B93660E008E87FF /* NewMeasurementView.swift */,
			);
			path = "New Measurement";
			sourceTree = "<group>";
		};
		3AC21F8F2B93684A008E87FF /* Photo Capture */ = {
			isa = PBXGroup;
			children = (
				3AC21F922B936875008E87FF /* PhotoCaptureViewModel.swift */,
				3AC21F902B936870008E87FF /* PhotoCaptureView.swift */,
			);
			path = "Photo Capture";
			sourceTree = "<group>";
		};
		3AC21F942B936885008E87FF /* Helper */ = {
			isa = PBXGroup;
			children = (
				3A6BD3002B9E9F6600400BA4 /* Alert */,
				3AC21FA82B937C62008E87FF /* Extensions */,
				3AC21FA32B937C27008E87FF /* Network Manager */,
				3AC21F952B93688B008E87FF /* UIKit */,
			);
			path = Helper;
			sourceTree = "<group>";
		};
		3AC21F952B93688B008E87FF /* UIKit */ = {
			isa = PBXGroup;
			children = (
				3AC21F962B93689E008E87FF /* CameraView */,
			);
			path = UIKit;
			sourceTree = "<group>";
		};
		3AC21F962B93689E008E87FF /* CameraView */ = {
			isa = PBXGroup;
			children = (
				3AC21F982B9368A6008E87FF /* Camera.swift */,
				3AC21F992B9368A7008E87FF /* CameraViewController.swift */,
				3AC21F972B9368A6008E87FF /* CameraView.swift */,
			);
			path = CameraView;
			sourceTree = "<group>";
		};
		3AC21F9E2B937BC1008E87FF /* Photo Process */ = {
			isa = PBXGroup;
			children = (
				3AC21FA12B937BE2008E87FF /* PhotoProcessViewModel.swift */,
				3AC21F9F2B937BD6008E87FF /* PhotoProcessView.swift */,
			);
			path = "Photo Process";
			sourceTree = "<group>";
		};
		3AC21FA32B937C27008E87FF /* Network Manager */ = {
			isa = PBXGroup;
			children = (
				3AC21FA42B937C35008E87FF /* NetworkManager.swift */,
				3AC21FA52B937C35008E87FF /* MultipartRequest.swift */,
			);
			path = "Network Manager";
			sourceTree = "<group>";
		};
		3AC21FA82B937C62008E87FF /* Extensions */ = {
			isa = PBXGroup;
			children = (
				3AC21FA92B937C73008E87FF /* Data+Ext.swift */,
				3A85432B2BA02F7B007D6449 /* Sequence+Ext.swift */,
				3A6BD2FC2B9DF16000400BA4 /* String+Ext.swift */,
				3A0713AB2B938D1C005D6535 /* View+Ext.swift */,
			);
			path = Extensions;
			sourceTree = "<group>";
		};
		3AC21FAE2B93817E008E87FF /* Undetected Body */ = {
			isa = PBXGroup;
			children = (
				3AC21FB12B9381BB008E87FF /* UndetectedBodyView.swift */,
			);
			path = "Undetected Body";
			sourceTree = "<group>";
		};
/* End PBXGroup section */

/* Begin PBXNativeTarget section */
		3A54D8FD2B935DC800B22696 /* MeasureMe */ = {
			isa = PBXNativeTarget;
			buildConfigurationList = 3A54D90C2B935DCA00B22696 /* Build configuration list for PBXNativeTarget "MeasureMe" */;
			buildPhases = (
				3A54D8FA2B935DC800B22696 /* Sources */,
				3A54D8FB2B935DC800B22696 /* Frameworks */,
				3A54D8FC2B935DC800B22696 /* Resources */,
			);
			buildRules = (
			);
			dependencies = (
			);
			name = MeasureMe;
			productName = MeasureMe;
			productReference = 3A54D8FE2B935DC800B22696 /* MeasureMe.app */;
			productType = "com.apple.product-type.application";
		};
/* End PBXNativeTarget section */

/* Begin PBXProject section */
		3A54D8F62B935DC800B22696 /* Project object */ = {
			isa = PBXProject;
			attributes = {
				BuildIndependentTargetsInParallel = 1;
				LastSwiftUpdateCheck = 1500;
				LastUpgradeCheck = 1500;
				TargetAttributes = {
					3A54D8FD2B935DC800B22696 = {
						CreatedOnToolsVersion = 15.0.1;
					};
				};
			};
			buildConfigurationList = 3A54D8F92B935DC800B22696 /* Build configuration list for PBXProject "MeasureMe" */;
			compatibilityVersion = "Xcode 14.0";
			developmentRegion = en;
			hasScannedForEncodings = 0;
			knownRegions = (
				en,
				Base,
			);
			mainGroup = 3A54D8F52B935DC800B22696;
			productRefGroup = 3A54D8FF2B935DC800B22696 /* Products */;
			projectDirPath = "";
			projectRoot = "";
			targets = (
				3A54D8FD2B935DC800B22696 /* MeasureMe */,
			);
		};
/* End PBXProject section */

/* Begin PBXResourcesBuildPhase section */
		3A54D8FC2B935DC800B22696 /* Resources */ = {
			isa = PBXResourcesBuildPhase;
			buildActionMask = 2147483647;
			files = (
				3A0713B42B939B73005D6535 /* DummyBodyLandmarkResponse.json in Resources */,
				3A54D9092B935DCA00B22696 /* Preview Assets.xcassets in Resources */,
				3A54D9062B935DCA00B22696 /* Assets.xcassets in Resources */,
			);
			runOnlyForDeploymentPostprocessing = 0;
		};
/* End PBXResourcesBuildPhase section */

/* Begin PBXSourcesBuildPhase section */
		3A54D8FA2B935DC800B22696 /* Sources */ = {
			isa = PBXSourcesBuildPhase;
			buildActionMask = 2147483647;
			files = (
				3A0713AC2B938D1C005D6535 /* View+Ext.swift in Sources */,
				3A6BD2F72B9D611400400BA4 /* User.swift in Sources */,
				3AC21F9B2B9368A7008E87FF /* Camera.swift in Sources */,
				3A827CC02B9B06140090836D /* RegisterView.swift in Sources */,
				3A85432C2BA02F7B007D6449 /* Sequence+Ext.swift in Sources */,
				3A6BD2F92B9D612400400BA4 /* Register.swift in Sources */,
				3A85432A2B9F20BA007D6449 /* HistoryViewModel.swift in Sources */,
				3AC21F912B936870008E87FF /* PhotoCaptureView.swift in Sources */,
				3A827CC62B9B0D4C0090836D /* RegisterViewModel.swift in Sources */,
				3A54D91B2B935F0200B22696 /* OnBoardingView.swift in Sources */,
				3AC21F9C2B9368A7008E87FF /* CameraViewController.swift in Sources */,
				3A54D9292B9360FA00B22696 /* ProfileView.swift in Sources */,
				3AC21FA02B937BD6008E87FF /* PhotoProcessView.swift in Sources */,
				3AC21F9A2B9368A7008E87FF /* CameraView.swift in Sources */,
				3A54D9272B9360F400B22696 /* HistoryView.swift in Sources */,
				3AC21F8C2B93660E008E87FF /* NewMeasurementView.swift in Sources */,
				3AC21FA22B937BE3008E87FF /* PhotoProcessViewModel.swift in Sources */,
				3A0713A82B938BB2005D6535 /* AdjustBodyLandmarkView.swift in Sources */,
				3A0713A42B938AD4005D6535 /* HelpAdjustBodyLandmark.swift in Sources */,
				3AC21F8E2B936617008E87FF /* NewMeasurementViewModel.swift in Sources */,
				3A6BD2FB2B9DDB1300400BA4 /* Alert.swift in Sources */,
				3AC21FAC2B937C8B008E87FF /* BodyLandmark.swift in Sources */,
				3AC21FAA2B937C73008E87FF /* Data+Ext.swift in Sources */,
				3A54D91C2B935F0200B22696 /* OnBoardingViewModel.swift in Sources */,
				3A6BD2FD2B9DF16000400BA4 /* String+Ext.swift in Sources */,
				3AC21FA62B937C35008E87FF /* NetworkManager.swift in Sources */,
				3A827CBD2B9AF5AC0090836D /* LoginView.swift in Sources */,
				3A827CC32B9B0AFE0090836D /* LoginViewModel.swift in Sources */,
				3A54D9232B9360B000B22696 /* HomeViewModel.swift in Sources */,
				3AC21F932B936875008E87FF /* PhotoCaptureViewModel.swift in Sources */,
				3AC21FB22B9381BB008E87FF /* UndetectedBodyView.swift in Sources */,
				3A54D9142B935E1400B22696 /* OnBoarding.swift in Sources */,
				3A0713AA2B938C16005D6535 /* AdjustBodyLandmarkViewModel.swift in Sources */,
				3A54D92B2B93611C00B22696 /* Result.swift in Sources */,
				3A54D9212B9360AA00B22696 /* HomeView.swift in Sources */,
				3A0713AF2B9399C6005D6535 /* Extensions.swift in Sources */,
				3A54D91E2B93606D00B22696 /* MainView.swift in Sources */,
				3A54D9022B935DC800B22696 /* MeasureMeApp.swift in Sources */,
				3AC21FA72B937C35008E87FF /* MultipartRequest.swift in Sources */,
			);
			runOnlyForDeploymentPostprocessing = 0;
		};
/* End PBXSourcesBuildPhase section */

/* Begin XCBuildConfiguration section */
		3A54D90A2B935DCA00B22696 /* Debug */ = {
			isa = XCBuildConfiguration;
			buildSettings = {
				ALWAYS_SEARCH_USER_PATHS = NO;
				ASSETCATALOG_COMPILER_GENERATE_SWIFT_ASSET_SYMBOL_EXTENSIONS = YES;
				CLANG_ANALYZER_NONNULL = YES;
				CLANG_ANALYZER_NUMBER_OBJECT_CONVERSION = YES_AGGRESSIVE;
				CLANG_CXX_LANGUAGE_STANDARD = "gnu++20";
				CLANG_ENABLE_MODULES = YES;
				CLANG_ENABLE_OBJC_ARC = YES;
				CLANG_ENABLE_OBJC_WEAK = YES;
				CLANG_WARN_BLOCK_CAPTURE_AUTORELEASING = YES;
				CLANG_WARN_BOOL_CONVERSION = YES;
				CLANG_WARN_COMMA = YES;
				CLANG_WARN_CONSTANT_CONVERSION = YES;
				CLANG_WARN_DEPRECATED_OBJC_IMPLEMENTATIONS = YES;
				CLANG_WARN_DIRECT_OBJC_ISA_USAGE = YES_ERROR;
				CLANG_WARN_DOCUMENTATION_COMMENTS = YES;
				CLANG_WARN_EMPTY_BODY = YES;
				CLANG_WARN_ENUM_CONVERSION = YES;
				CLANG_WARN_INFINITE_RECURSION = YES;
				CLANG_WARN_INT_CONVERSION = YES;
				CLANG_WARN_NON_LITERAL_NULL_CONVERSION = YES;
				CLANG_WARN_OBJC_IMPLICIT_RETAIN_SELF = YES;
				CLANG_WARN_OBJC_LITERAL_CONVERSION = YES;
				CLANG_WARN_OBJC_ROOT_CLASS = YES_ERROR;
				CLANG_WARN_QUOTED_INCLUDE_IN_FRAMEWORK_HEADER = YES;
				CLANG_WARN_RANGE_LOOP_ANALYSIS = YES;
				CLANG_WARN_STRICT_PROTOTYPES = YES;
				CLANG_WARN_SUSPICIOUS_MOVE = YES;
				CLANG_WARN_UNGUARDED_AVAILABILITY = YES_AGGRESSIVE;
				CLANG_WARN_UNREACHABLE_CODE = YES;
				CLANG_WARN__DUPLICATE_METHOD_MATCH = YES;
				COPY_PHASE_STRIP = NO;
				DEBUG_INFORMATION_FORMAT = dwarf;
				ENABLE_STRICT_OBJC_MSGSEND = YES;
				ENABLE_TESTABILITY = YES;
				ENABLE_USER_SCRIPT_SANDBOXING = YES;
				GCC_C_LANGUAGE_STANDARD = gnu17;
				GCC_DYNAMIC_NO_PIC = NO;
				GCC_NO_COMMON_BLOCKS = YES;
				GCC_OPTIMIZATION_LEVEL = 0;
				GCC_PREPROCESSOR_DEFINITIONS = (
					"DEBUG=1",
					"$(inherited)",
				);
				GCC_WARN_64_TO_32_BIT_CONVERSION = YES;
				GCC_WARN_ABOUT_RETURN_TYPE = YES_ERROR;
				GCC_WARN_UNDECLARED_SELECTOR = YES;
				GCC_WARN_UNINITIALIZED_AUTOS = YES_AGGRESSIVE;
				GCC_WARN_UNUSED_FUNCTION = YES;
				GCC_WARN_UNUSED_VARIABLE = YES;
				IPHONEOS_DEPLOYMENT_TARGET = 17.0;
				LOCALIZATION_PREFERS_STRING_CATALOGS = YES;
				MTL_ENABLE_DEBUG_INFO = INCLUDE_SOURCE;
				MTL_FAST_MATH = YES;
				ONLY_ACTIVE_ARCH = YES;
				SDKROOT = iphoneos;
				SWIFT_ACTIVE_COMPILATION_CONDITIONS = "DEBUG $(inherited)";
				SWIFT_OPTIMIZATION_LEVEL = "-Onone";
			};
			name = Debug;
		};
		3A54D90B2B935DCA00B22696 /* Release */ = {
			isa = XCBuildConfiguration;
			buildSettings = {
				ALWAYS_SEARCH_USER_PATHS = NO;
				ASSETCATALOG_COMPILER_GENERATE_SWIFT_ASSET_SYMBOL_EXTENSIONS = YES;
				CLANG_ANALYZER_NONNULL = YES;
				CLANG_ANALYZER_NUMBER_OBJECT_CONVERSION = YES_AGGRESSIVE;
				CLANG_CXX_LANGUAGE_STANDARD = "gnu++20";
				CLANG_ENABLE_MODULES = YES;
				CLANG_ENABLE_OBJC_ARC = YES;
				CLANG_ENABLE_OBJC_WEAK = YES;
				CLANG_WARN_BLOCK_CAPTURE_AUTORELEASING = YES;
				CLANG_WARN_BOOL_CONVERSION = YES;
				CLANG_WARN_COMMA = YES;
				CLANG_WARN_CONSTANT_CONVERSION = YES;
				CLANG_WARN_DEPRECATED_OBJC_IMPLEMENTATIONS = YES;
				CLANG_WARN_DIRECT_OBJC_ISA_USAGE = YES_ERROR;
				CLANG_WARN_DOCUMENTATION_COMMENTS = YES;
				CLANG_WARN_EMPTY_BODY = YES;
				CLANG_WARN_ENUM_CONVERSION = YES;
				CLANG_WARN_INFINITE_RECURSION = YES;
				CLANG_WARN_INT_CONVERSION = YES;
				CLANG_WARN_NON_LITERAL_NULL_CONVERSION = YES;
				CLANG_WARN_OBJC_IMPLICIT_RETAIN_SELF = YES;
				CLANG_WARN_OBJC_LITERAL_CONVERSION = YES;
				CLANG_WARN_OBJC_ROOT_CLASS = YES_ERROR;
				CLANG_WARN_QUOTED_INCLUDE_IN_FRAMEWORK_HEADER = YES;
				CLANG_WARN_RANGE_LOOP_ANALYSIS = YES;
				CLANG_WARN_STRICT_PROTOTYPES = YES;
				CLANG_WARN_SUSPICIOUS_MOVE = YES;
				CLANG_WARN_UNGUARDED_AVAILABILITY = YES_AGGRESSIVE;
				CLANG_WARN_UNREACHABLE_CODE = YES;
				CLANG_WARN__DUPLICATE_METHOD_MATCH = YES;
				COPY_PHASE_STRIP = NO;
				DEBUG_INFORMATION_FORMAT = "dwarf-with-dsym";
				ENABLE_NS_ASSERTIONS = NO;
				ENABLE_STRICT_OBJC_MSGSEND = YES;
				ENABLE_USER_SCRIPT_SANDBOXING = YES;
				GCC_C_LANGUAGE_STANDARD = gnu17;
				GCC_NO_COMMON_BLOCKS = YES;
				GCC_WARN_64_TO_32_BIT_CONVERSION = YES;
				GCC_WARN_ABOUT_RETURN_TYPE = YES_ERROR;
				GCC_WARN_UNDECLARED_SELECTOR = YES;
				GCC_WARN_UNINITIALIZED_AUTOS = YES_AGGRESSIVE;
				GCC_WARN_UNUSED_FUNCTION = YES;
				GCC_WARN_UNUSED_VARIABLE = YES;
				IPHONEOS_DEPLOYMENT_TARGET = 17.0;
				LOCALIZATION_PREFERS_STRING_CATALOGS = YES;
				MTL_ENABLE_DEBUG_INFO = NO;
				MTL_FAST_MATH = YES;
				SDKROOT = iphoneos;
				SWIFT_COMPILATION_MODE = wholemodule;
				VALIDATE_PRODUCT = YES;
			};
			name = Release;
		};
		3A54D90D2B935DCA00B22696 /* Debug */ = {
			isa = XCBuildConfiguration;
			buildSettings = {
				ASSETCATALOG_COMPILER_APPICON_NAME = AppIcon;
				ASSETCATALOG_COMPILER_GLOBAL_ACCENT_COLOR_NAME = AccentColor;
				CODE_SIGN_STYLE = Automatic;
				CURRENT_PROJECT_VERSION = 1;
				DEVELOPMENT_ASSET_PATHS = "\"MeasureMe/Preview Content\"";
				DEVELOPMENT_TEAM = QJ4D5LRK3T;
				ENABLE_PREVIEWS = YES;
				GENERATE_INFOPLIST_FILE = YES;
				INFOPLIST_FILE = MeasureMe/Info.plist;
				INFOPLIST_KEY_NSCameraUsageDescription = "This app need your camera permission to capturing the photos. To protect user privacy, your face will be blurred after the image being captured.";
				INFOPLIST_KEY_UIApplicationSceneManifest_Generation = YES;
				INFOPLIST_KEY_UIApplicationSupportsIndirectInputEvents = YES;
				INFOPLIST_KEY_UILaunchScreen_Generation = YES;
				INFOPLIST_KEY_UISupportedInterfaceOrientations_iPad = "UIInterfaceOrientationPortrait UIInterfaceOrientationPortraitUpsideDown UIInterfaceOrientationLandscapeLeft UIInterfaceOrientationLandscapeRight";
				INFOPLIST_KEY_UISupportedInterfaceOrientations_iPhone = "UIInterfaceOrientationPortrait UIInterfaceOrientationLandscapeLeft UIInterfaceOrientationLandscapeRight";
				LD_RUNPATH_SEARCH_PATHS = (
					"$(inherited)",
					"@executable_path/Frameworks",
				);
				MARKETING_VERSION = 1.0;
				PRODUCT_BUNDLE_IDENTIFIER = com.dikidwid.MeasureMe;
				PRODUCT_NAME = "$(TARGET_NAME)";
				SWIFT_EMIT_LOC_STRINGS = YES;
				SWIFT_VERSION = 5.0;
				TARGETED_DEVICE_FAMILY = "1,2";
			};
			name = Debug;
		};
		3A54D90E2B935DCA00B22696 /* Release */ = {
			isa = XCBuildConfiguration;
			buildSettings = {
				ASSETCATALOG_COMPILER_APPICON_NAME = AppIcon;
				ASSETCATALOG_COMPILER_GLOBAL_ACCENT_COLOR_NAME = AccentColor;
				CODE_SIGN_STYLE = Automatic;
				CURRENT_PROJECT_VERSION = 1;
				DEVELOPMENT_ASSET_PATHS = "\"MeasureMe/Preview Content\"";
				DEVELOPMENT_TEAM = QJ4D5LRK3T;
				ENABLE_PREVIEWS = YES;
				GENERATE_INFOPLIST_FILE = YES;
				INFOPLIST_FILE = MeasureMe/Info.plist;
				INFOPLIST_KEY_NSCameraUsageDescription = "This app need your camera permission to capturing the photos. To protect user privacy, your face will be blurred after the image being captured.";
				INFOPLIST_KEY_UIApplicationSceneManifest_Generation = YES;
				INFOPLIST_KEY_UIApplicationSupportsIndirectInputEvents = YES;
				INFOPLIST_KEY_UILaunchScreen_Generation = YES;
				INFOPLIST_KEY_UISupportedInterfaceOrientations_iPad = "UIInterfaceOrientationPortrait UIInterfaceOrientationPortraitUpsideDown UIInterfaceOrientationLandscapeLeft UIInterfaceOrientationLandscapeRight";
				INFOPLIST_KEY_UISupportedInterfaceOrientations_iPhone = "UIInterfaceOrientationPortrait UIInterfaceOrientationLandscapeLeft UIInterfaceOrientationLandscapeRight";
				LD_RUNPATH_SEARCH_PATHS = (
					"$(inherited)",
					"@executable_path/Frameworks",
				);
				MARKETING_VERSION = 1.0;
				PRODUCT_BUNDLE_IDENTIFIER = com.dikidwid.MeasureMe;
				PRODUCT_NAME = "$(TARGET_NAME)";
				SWIFT_EMIT_LOC_STRINGS = YES;
				SWIFT_VERSION = 5.0;
				TARGETED_DEVICE_FAMILY = "1,2";
			};
			name = Release;
		};
/* End XCBuildConfiguration section */

/* Begin XCConfigurationList section */
		3A54D8F92B935DC800B22696 /* Build configuration list for PBXProject "MeasureMe" */ = {
			isa = XCConfigurationList;
			buildConfigurations = (
				3A54D90A2B935DCA00B22696 /* Debug */,
				3A54D90B2B935DCA00B22696 /* Release */,
			);
			defaultConfigurationIsVisible = 0;
			defaultConfigurationName = Release;
		};
		3A54D90C2B935DCA00B22696 /* Build configuration list for PBXNativeTarget "MeasureMe" */ = {
			isa = XCConfigurationList;
			buildConfigurations = (
				3A54D90D2B935DCA00B22696 /* Debug */,
				3A54D90E2B935DCA00B22696 /* Release */,
			);
			defaultConfigurationIsVisible = 0;
			defaultConfigurationName = Release;
		};
/* End XCConfigurationList section */
	};
	rootObject = 3A54D8F62B935DC800B22696 /* Project object */;
}
